// !$*UTF8*$!
{
	archiveVersion = 1;
	classes = {
	};
	objectVersion = 46;
	objects = {

/* Begin PBXBuildFile section */
		18ABBAFAFC8079FB2361EB46 /* Pods_instaG.framework in Frameworks */ = {isa = PBXBuildFile; fileRef = 2578CD71E952491E2794B3F1 /* Pods_instaG.framework */; };
		882689311D19E6EE00E55CD2 /* Post.swift in Sources */ = {isa = PBXBuildFile; fileRef = 882689301D19E6EE00E55CD2 /* Post.swift */; };
		882689331D1A0FB100E55CD2 /* FeedCell.swift in Sources */ = {isa = PBXBuildFile; fileRef = 882689321D1A0FB100E55CD2 /* FeedCell.swift */; };
		882689351D1A5F7D00E55CD2 /* DetailViewController.swift in Sources */ = {isa = PBXBuildFile; fileRef = 882689341D1A5F7D00E55CD2 /* DetailViewController.swift */; };
		882689371D1B49A600E55CD2 /* ProfileViewController.swift in Sources */ = {isa = PBXBuildFile; fileRef = 882689361D1B49A600E55CD2 /* ProfileViewController.swift */; };
		882689391D1B4A3A00E55CD2 /* ProfileCollectionCell.swift in Sources */ = {isa = PBXBuildFile; fileRef = 882689381D1B4A3A00E55CD2 /* ProfileCollectionCell.swift */; };
		8886A9F81D1890F4008985E9 /* AppDelegate.swift in Sources */ = {isa = PBXBuildFile; fileRef = 8886A9F71D1890F4008985E9 /* AppDelegate.swift */; };
		8886A9FA1D1890F4008985E9 /* ViewController.swift in Sources */ = {isa = PBXBuildFile; fileRef = 8886A9F91D1890F4008985E9 /* ViewController.swift */; };
		8886A9FD1D1890F4008985E9 /* Main.storyboard in Resources */ = {isa = PBXBuildFile; fileRef = 8886A9FB1D1890F4008985E9 /* Main.storyboard */; };
		8886A9FF1D1890F4008985E9 /* Assets.xcassets in Resources */ = {isa = PBXBuildFile; fileRef = 8886A9FE1D1890F4008985E9 /* Assets.xcassets */; };
		8886AA021D1890F4008985E9 /* LaunchScreen.storyboard in Resources */ = {isa = PBXBuildFile; fileRef = 8886AA001D1890F4008985E9 /* LaunchScreen.storyboard */; };
		8886AA0A1D1894D9008985E9 /* LoginViewController.swift in Sources */ = {isa = PBXBuildFile; fileRef = 8886AA091D1894D9008985E9 /* LoginViewController.swift */; };
		8886AA0C1D18AE3E008985E9 /* FeedViewController.swift in Sources */ = {isa = PBXBuildFile; fileRef = 8886AA0B1D18AE3E008985E9 /* FeedViewController.swift */; };
		8886AA0E1D191468008985E9 /* UploadViewController.swift in Sources */ = {isa = PBXBuildFile; fileRef = 8886AA0D1D191468008985E9 /* UploadViewController.swift */; };
		88EE55D21D1D0BCE00E1BC51 /* GenProfileViewController.swift in Sources */ = {isa = PBXBuildFile; fileRef = 88EE55D11D1D0BCE00E1BC51 /* GenProfileViewController.swift */; };
		88EE55D41D1D0CD700E1BC51 /* GenProfileCell.swift in Sources */ = {isa = PBXBuildFile; fileRef = 88EE55D31D1D0CD700E1BC51 /* GenProfileCell.swift */; };
		88EE55D61D1DB6BD00E1BC51 /* EditViewController.swift in Sources */ = {isa = PBXBuildFile; fileRef = 88EE55D51D1DB6BD00E1BC51 /* EditViewController.swift */; };
/* End PBXBuildFile section */

/* Begin PBXFileReference section */
		2578CD71E952491E2794B3F1 /* Pods_instaG.framework */ = {isa = PBXFileReference; explicitFileType = wrapper.framework; includeInIndex = 0; path = Pods_instaG.framework; sourceTree = BUILT_PRODUCTS_DIR; };
		882689301D19E6EE00E55CD2 /* Post.swift */ = {isa = PBXFileReference; fileEncoding = 4; lastKnownFileType = sourcecode.swift; path = Post.swift; sourceTree = "<group>"; };
		882689321D1A0FB100E55CD2 /* FeedCell.swift */ = {isa = PBXFileReference; fileEncoding = 4; lastKnownFileType = sourcecode.swift; path = FeedCell.swift; sourceTree = "<group>"; };
		882689341D1A5F7D00E55CD2 /* DetailViewController.swift */ = {isa = PBXFileReference; fileEncoding = 4; lastKnownFileType = sourcecode.swift; path = DetailViewController.swift; sourceTree = "<group>"; };
		882689361D1B49A600E55CD2 /* ProfileViewController.swift */ = {isa = PBXFileReference; fileEncoding = 4; lastKnownFileType = sourcecode.swift; path = ProfileViewController.swift; sourceTree = "<group>"; };
		882689381D1B4A3A00E55CD2 /* ProfileCollectionCell.swift */ = {isa = PBXFileReference; fileEncoding = 4; lastKnownFileType = sourcecode.swift; path = ProfileCollectionCell.swift; sourceTree = "<group>"; };
		8886A9F41D1890F4008985E9 /* instaG.app */ = {isa = PBXFileReference; explicitFileType = wrapper.application; includeInIndex = 0; path = instaG.app; sourceTree = BUILT_PRODUCTS_DIR; };
		8886A9F71D1890F4008985E9 /* AppDelegate.swift */ = {isa = PBXFileReference; lastKnownFileType = sourcecode.swift; path = AppDelegate.swift; sourceTree = "<group>"; };
		8886A9F91D1890F4008985E9 /* ViewController.swift */ = {isa = PBXFileReference; lastKnownFileType = sourcecode.swift; path = ViewController.swift; sourceTree = "<group>"; };
		8886A9FC1D1890F4008985E9 /* Base */ = {isa = PBXFileReference; lastKnownFileType = file.storyboard; name = Base; path = Base.lproj/Main.storyboard; sourceTree = "<group>"; };
		8886A9FE1D1890F4008985E9 /* Assets.xcassets */ = {isa = PBXFileReference; lastKnownFileType = folder.assetcatalog; path = Assets.xcassets; sourceTree = "<group>"; };
		8886AA011D1890F4008985E9 /* Base */ = {isa = PBXFileReference; lastKnownFileType = file.storyboard; name = Base; path = Base.lproj/LaunchScreen.storyboard; sourceTree = "<group>"; };
		8886AA031D1890F4008985E9 /* Info.plist */ = {isa = PBXFileReference; lastKnownFileType = text.plist.xml; path = Info.plist; sourceTree = "<group>"; };
		8886AA091D1894D9008985E9 /* LoginViewController.swift */ = {isa = PBXFileReference; fileEncoding = 4; lastKnownFileType = sourcecode.swift; path = LoginViewController.swift; sourceTree = "<group>"; };
		8886AA0B1D18AE3E008985E9 /* FeedViewController.swift */ = {isa = PBXFileReference; fileEncoding = 4; lastKnownFileType = sourcecode.swift; path = FeedViewController.swift; sourceTree = "<group>"; };
		8886AA0D1D191468008985E9 /* UploadViewController.swift */ = {isa = PBXFileReference; fileEncoding = 4; lastKnownFileType = sourcecode.swift; path = UploadViewController.swift; sourceTree = "<group>"; };
		88EE55D11D1D0BCE00E1BC51 /* GenProfileViewController.swift */ = {isa = PBXFileReference; fileEncoding = 4; lastKnownFileType = sourcecode.swift; path = GenProfileViewController.swift; sourceTree = "<group>"; };
		88EE55D31D1D0CD700E1BC51 /* GenProfileCell.swift */ = {isa = PBXFileReference; fileEncoding = 4; lastKnownFileType = sourcecode.swift; path = GenProfileCell.swift; sourceTree = "<group>"; };
		88EE55D51D1DB6BD00E1BC51 /* EditViewController.swift */ = {isa = PBXFileReference; fileEncoding = 4; lastKnownFileType = sourcecode.swift; path = EditViewController.swift; sourceTree = "<group>"; };
		9984DBC2CC0DA5CF16B8B65C /* Pods-instaG.release.xcconfig */ = {isa = PBXFileReference; includeInIndex = 1; lastKnownFileType = text.xcconfig; name = "Pods-instaG.release.xcconfig"; path = "Pods/Target Support Files/Pods-instaG/Pods-instaG.release.xcconfig"; sourceTree = "<group>"; };
		E67F162DABE208159D82835D /* Pods-instaG.debug.xcconfig */ = {isa = PBXFileReference; includeInIndex = 1; lastKnownFileType = text.xcconfig; name = "Pods-instaG.debug.xcconfig"; path = "Pods/Target Support Files/Pods-instaG/Pods-instaG.debug.xcconfig"; sourceTree = "<group>"; };
/* End PBXFileReference section */

/* Begin PBXFrameworksBuildPhase section */
		8886A9F11D1890F4008985E9 /* Frameworks */ = {
			isa = PBXFrameworksBuildPhase;
			buildActionMask = 2147483647;
			files = (
				18ABBAFAFC8079FB2361EB46 /* Pods_instaG.framework in Frameworks */,
			);
			runOnlyForDeploymentPostprocessing = 0;
		};
/* End PBXFrameworksBuildPhase section */

/* Begin PBXGroup section */
		4ADDDBDB88B6611BF9DC334B /* Pods */ = {
			isa = PBXGroup;
			children = (
				E67F162DABE208159D82835D /* Pods-instaG.debug.xcconfig */,
				9984DBC2CC0DA5CF16B8B65C /* Pods-instaG.release.xcconfig */,
			);
			name = Pods;
			sourceTree = "<group>";
		};
		8886A9EB1D1890F4008985E9 = {
			isa = PBXGroup;
			children = (
				8886A9F61D1890F4008985E9 /* instaG */,
				8886A9F51D1890F4008985E9 /* Products */,
				4ADDDBDB88B6611BF9DC334B /* Pods */,
				9F05AFB76458C7FFF6FF1ACA /* Frameworks */,
			);
			sourceTree = "<group>";
		};
		8886A9F51D1890F4008985E9 /* Products */ = {
			isa = PBXGroup;
			children = (
				8886A9F41D1890F4008985E9 /* instaG.app */,
			);
			name = Products;
			sourceTree = "<group>";
		};
		8886A9F61D1890F4008985E9 /* instaG */ = {
			isa = PBXGroup;
			children = (
				8886A9F71D1890F4008985E9 /* AppDelegate.swift */,
				8886A9F91D1890F4008985E9 /* ViewController.swift */,
				8886A9FB1D1890F4008985E9 /* Main.storyboard */,
				8886AA0D1D191468008985E9 /* UploadViewController.swift */,
				8886AA091D1894D9008985E9 /* LoginViewController.swift */,
				8886A9FE1D1890F4008985E9 /* Assets.xcassets */,
				8886AA001D1890F4008985E9 /* LaunchScreen.storyboard */,
				8886AA031D1890F4008985E9 /* Info.plist */,
				8886AA0B1D18AE3E008985E9 /* FeedViewController.swift */,
				882689321D1A0FB100E55CD2 /* FeedCell.swift */,
				882689301D19E6EE00E55CD2 /* Post.swift */,
				882689341D1A5F7D00E55CD2 /* DetailViewController.swift */,
				882689361D1B49A600E55CD2 /* ProfileViewController.swift */,
				882689381D1B4A3A00E55CD2 /* ProfileCollectionCell.swift */,
				88EE55D11D1D0BCE00E1BC51 /* GenProfileViewController.swift */,
				88EE55D31D1D0CD700E1BC51 /* GenProfileCell.swift */,
				88EE55D51D1DB6BD00E1BC51 /* EditViewController.swift */,
			);
			path = instaG;
			sourceTree = "<group>";
		};
		9F05AFB76458C7FFF6FF1ACA /* Frameworks */ = {
			isa = PBXGroup;
			children = (
				2578CD71E952491E2794B3F1 /* Pods_instaG.framework */,
			);
			name = Frameworks;
			sourceTree = "<group>";
		};
/* End PBXGroup section */

/* Begin PBXNativeTarget section */
		8886A9F31D1890F4008985E9 /* instaG */ = {
			isa = PBXNativeTarget;
			buildConfigurationList = 8886AA061D1890F4008985E9 /* Build configuration list for PBXNativeTarget "instaG" */;
			buildPhases = (
				A6D25467A6C5E26C2B231E42 /* [CP] Check Pods Manifest.lock */,
				8886A9F01D1890F4008985E9 /* Sources */,
				8886A9F11D1890F4008985E9 /* Frameworks */,
				8886A9F21D1890F4008985E9 /* Resources */,
				4082FC1656B60F5571427C8D /* [CP] Embed Pods Frameworks */,
				D830C4F863E8C370A24983E3 /* [CP] Copy Pods Resources */,
			);
			buildRules = (
			);
			dependencies = (
			);
			name = instaG;
			productName = instaG;
			productReference = 8886A9F41D1890F4008985E9 /* instaG.app */;
			productType = "com.apple.product-type.application";
		};
/* End PBXNativeTarget section */

/* Begin PBXProject section */
		8886A9EC1D1890F4008985E9 /* Project object */ = {
			isa = PBXProject;
			attributes = {
				LastSwiftUpdateCheck = 0730;
				LastUpgradeCheck = 0730;
				ORGANIZATIONNAME = "Kelly Lampotang";
				TargetAttributes = {
					8886A9F31D1890F4008985E9 = {
						CreatedOnToolsVersion = 7.3.1;
						DevelopmentTeam = F4P428X9U6;
					};
				};
			};
			buildConfigurationList = 8886A9EF1D1890F4008985E9 /* Build configuration list for PBXProject "instaG" */;
			compatibilityVersion = "Xcode 3.2";
			developmentRegion = English;
			hasScannedForEncodings = 0;
			knownRegions = (
				en,
				Base,
			);
			mainGroup = 8886A9EB1D1890F4008985E9;
			productRefGroup = 8886A9F51D1890F4008985E9 /* Products */;
			projectDirPath = "";
			projectRoot = "";
			targets = (
				8886A9F31D1890F4008985E9 /* instaG */,
			);
		};
/* End PBXProject section */

/* Begin PBXResourcesBuildPhase section */
		8886A9F21D1890F4008985E9 /* Resources */ = {
			isa = PBXResourcesBuildPhase;
			buildActionMask = 2147483647;
			files = (
				8886AA021D1890F4008985E9 /* LaunchScreen.storyboard in Resources */,
				8886A9FF1D1890F4008985E9 /* Assets.xcassets in Resources */,
				8886A9FD1D1890F4008985E9 /* Main.storyboard in Resources */,
			);
			runOnlyForDeploymentPostprocessing = 0;
		};
/* End PBXResourcesBuildPhase section */

/* Begin PBXShellScriptBuildPhase section */
		4082FC1656B60F5571427C8D /* [CP] Embed Pods Frameworks */ = {
			isa = PBXShellScriptBuildPhase;
			buildActionMask = 2147483647;
			files = (
			);
			inputPaths = (
			);
			name = "[CP] Embed Pods Frameworks";
			outputPaths = (
			);
			runOnlyForDeploymentPostprocessing = 0;
			shellPath = /bin/sh;
			shellScript = "\"${SRCROOT}/Pods/Target Support Files/Pods-instaG/Pods-instaG-frameworks.sh\"\n";
			showEnvVarsInLog = 0;
		};
		A6D25467A6C5E26C2B231E42 /* [CP] Check Pods Manifest.lock */ = {
			isa = PBXShellScriptBuildPhase;
			buildActionMask = 2147483647;
			files = (
			);
			inputPaths = (
			);
			name = "[CP] Check Pods Manifest.lock";
			outputPaths = (
			);
			runOnlyForDeploymentPostprocessing = 0;
			shellPath = /bin/sh;
			shellScript = "diff \"${PODS_ROOT}/../Podfile.lock\" \"${PODS_ROOT}/Manifest.lock\" > /dev/null\nif [[ $? != 0 ]] ; then\n    cat << EOM\nerror: The sandbox is not in sync with the Podfile.lock. Run 'pod install' or update your CocoaPods installation.\nEOM\n    exit 1\nfi\n";
			showEnvVarsInLog = 0;
		};
		D830C4F863E8C370A24983E3 /* [CP] Copy Pods Resources */ = {
			isa = PBXShellScriptBuildPhase;
			buildActionMask = 2147483647;
			files = (
			);
			inputPaths = (
			);
			name = "[CP] Copy Pods Resources";
			outputPaths = (
			);
			runOnlyForDeploymentPostprocessing = 0;
			shellPath = /bin/sh;
			shellScript = "\"${SRCROOT}/Pods/Target Support Files/Pods-instaG/Pods-instaG-resources.sh\"\n";
			showEnvVarsInLog = 0;
		};
/* End PBXShellScriptBuildPhase section */

/* Begin PBXSourcesBuildPhase section */
		8886A9F01D1890F4008985E9 /* Sources */ = {
			isa = PBXSourcesBuildPhase;
			buildActionMask = 2147483647;
			files = (
				88EE55D61D1DB6BD00E1BC51 /* EditViewController.swift in Sources */,
				882689331D1A0FB100E55CD2 /* FeedCell.swift in Sources */,
				882689391D1B4A3A00E55CD2 /* ProfileCollectionCell.swift in Sources */,
				8886AA0A1D1894D9008985E9 /* LoginViewController.swift in Sources */,
				88EE55D21D1D0BCE00E1BC51 /* GenProfileViewController.swift in Sources */,
				8886AA0E1D191468008985E9 /* UploadViewController.swift in Sources */,
				8886A9FA1D1890F4008985E9 /* ViewController.swift in Sources */,
				88EE55D41D1D0CD700E1BC51 /* GenProfileCell.swift in Sources */,
				882689311D19E6EE00E55CD2 /* Post.swift in Sources */,
				8886AA0C1D18AE3E008985E9 /* FeedViewController.swift in Sources */,
				882689371D1B49A600E55CD2 /* ProfileViewController.swift in Sources */,
				8886A9F81D1890F4008985E9 /* AppDelegate.swift in Sources */,
				882689351D1A5F7D00E55CD2 /* DetailViewController.swift in Sources */,
			);
			runOnlyForDeploymentPostprocessing = 0;
		};
/* End PBXSourcesBuildPhase section */

/* Begin PBXVariantGroup section */
		8886A9FB1D1890F4008985E9 /* Main.storyboard */ = {
			isa = PBXVariantGroup;
			children = (
				8886A9FC1D1890F4008985E9 /* Base */,
			);
			name = Main.storyboard;
			sourceTree = "<group>";
		};
		8886AA001D1890F4008985E9 /* LaunchScreen.storyboard */ = {
			isa = PBXVariantGroup;
			children = (
				8886AA011D1890F4008985E9 /* Base */,
			);
			name = LaunchScreen.storyboard;
			sourceTree = "<group>";
		};
/* End PBXVariantGroup section */

/* Begin XCBuildConfiguration section */
		8886AA041D1890F4008985E9 /* Debug */ = {
			isa = XCBuildConfiguration;
			buildSettings = {
				ALWAYS_SEARCH_USER_PATHS = NO;
				CLANG_ANALYZER_NONNULL = YES;
				CLANG_CXX_LANGUAGE_STANDARD = "gnu++0x";
				CLANG_CXX_LIBRARY = "libc++";
				CLANG_ENABLE_MODULES = YES;
				CLANG_ENABLE_OBJC_ARC = YES;
				CLANG_WARN_BOOL_CONVERSION = YES;
				CLANG_WARN_CONSTANT_CONVERSION = YES;
				CLANG_WARN_DIRECT_OBJC_ISA_USAGE = YES_ERROR;
				CLANG_WARN_EMPTY_BODY = YES;
				CLANG_WARN_ENUM_CONVERSION = YES;
				CLANG_WARN_INT_CONVERSION = YES;
				CLANG_WARN_OBJC_ROOT_CLASS = YES_ERROR;
				CLANG_WARN_UNREACHABLE_CODE = YES;
				CLANG_WARN__DUPLICATE_METHOD_MATCH = YES;
				"CODE_SIGN_IDENTITY[sdk=iphoneos*]" = "iPhone Developer";
				COPY_PHASE_STRIP = NO;
				DEBUG_INFORMATION_FORMAT = dwarf;
				ENABLE_STRICT_OBJC_MSGSEND = YES;
				ENABLE_TESTABILITY = YES;
				GCC_C_LANGUAGE_STANDARD = gnu99;
				GCC_DYNAMIC_NO_PIC = NO;
				GCC_NO_COMMON_BLOCKS = YES;
				GCC_OPTIMIZATION_LEVEL = 0;
				GCC_PREPROCESSOR_DEFINITIONS = (
					"DEBUG=1",
					"$(inherited)",
				);
				GCC_WARN_64_TO_32_BIT_CONVERSION = YES;
				GCC_WARN_ABOUT_RETURN_TYPE = YES_ERROR;
				GCC_WARN_UNDECLARED_SELECTOR = YES;
				GCC_WARN_UNINITIALIZED_AUTOS = YES_AGGRESSIVE;
				GCC_WARN_UNUSED_FUNCTION = YES;
				GCC_WARN_UNUSED_VARIABLE = YES;
				IPHONEOS_DEPLOYMENT_TARGET = 9.3;
				MTL_ENABLE_DEBUG_INFO = YES;
				ONLY_ACTIVE_ARCH = YES;
				SDKROOT = iphoneos;
				SWIFT_OPTIMIZATION_LEVEL = "-Onone";
			};
			name = Debug;
		};
		8886AA051D1890F4008985E9 /* Release */ = {
			isa = XCBuildConfiguration;
			buildSettings = {
				ALWAYS_SEARCH_USER_PATHS = NO;
				CLANG_ANALYZER_NONNULL = YES;
				CLANG_CXX_LANGUAGE_STANDARD = "gnu++0x";
				CLANG_CXX_LIBRARY = "libc++";
				CLANG_ENABLE_MODULES = YES;
				CLANG_ENABLE_OBJC_ARC = YES;
				CLANG_WARN_BOOL_CONVERSION = YES;
				CLANG_WARN_CONSTANT_CONVERSION = YES;
				CLANG_WARN_DIRECT_OBJC_ISA_USAGE = YES_ERROR;
				CLANG_WARN_EMPTY_BODY = YES;
				CLANG_WARN_ENUM_CONVERSION = YES;
				CLANG_WARN_INT_CONVERSION = YES;
				CLANG_WARN_OBJC_ROOT_CLASS = YES_ERROR;
				CLANG_WARN_UNREACHABLE_CODE = YES;
				CLANG_WARN__DUPLICATE_METHOD_MATCH = YES;
				"CODE_SIGN_IDENTITY[sdk=iphoneos*]" = "iPhone Developer";
				COPY_PHASE_STRIP = NO;
				DEBUG_INFORMATION_FORMAT = "dwarf-with-dsym";
				ENABLE_NS_ASSERTIONS = NO;
				ENABLE_STRICT_OBJC_MSGSEND = YES;
				GCC_C_LANGUAGE_STANDARD = gnu99;
				GCC_NO_COMMON_BLOCKS = YES;
				GCC_WARN_64_TO_32_BIT_CONVERSION = YES;
				GCC_WARN_ABOUT_RETURN_TYPE = YES_ERROR;
				GCC_WARN_UNDECLARED_SELECTOR = YES;
				GCC_WARN_UNINITIALIZED_AUTOS = YES_AGGRESSIVE;
				GCC_WARN_UNUSED_FUNCTION = YES;
				GCC_WARN_UNUSED_VARIABLE = YES;
				IPHONEOS_DEPLOYMENT_TARGET = 9.3;
				MTL_ENABLE_DEBUG_INFO = NO;
				SDKROOT = iphoneos;
				VALIDATE_PRODUCT = YES;
			};
			name = Release;
		};
		8886AA071D1890F4008985E9 /* Debug */ = {
			isa = XCBuildConfiguration;
			baseConfigurationReference = E67F162DABE208159D82835D /* Pods-instaG.debug.xcconfig */;
			buildSettings = {
				ASSETCATALOG_COMPILER_APPICON_NAME = AppIcon;
				INFOPLIST_FILE = instaG/Info.plist;
				LD_RUNPATH_SEARCH_PATHS = "$(inherited) @executable_path/Frameworks";
				PRODUCT_BUNDLE_IDENTIFIER = com.klampotang.instaG;
				PRODUCT_NAME = "$(TARGET_NAME)";
			};
			name = Debug;
		};
		8886AA081D1890F4008985E9 /* Release */ = {
			isa = XCBuildConfiguration;
			baseConfigurationReference = 9984DBC2CC0DA5CF16B8B65C /* Pods-instaG.release.xcconfig */;
			buildSettings = {
				ASSETCATALOG_COMPILER_APPICON_NAME = AppIcon;
				INFOPLIST_FILE = instaG/Info.plist;
				LD_RUNPATH_SEARCH_PATHS = "$(inherited) @executable_path/Frameworks";
				PRODUCT_BUNDLE_IDENTIFIER = com.klampotang.instaG;
				PRODUCT_NAME = "$(TARGET_NAME)";
			};
			name = Release;
		};
/* End XCBuildConfiguration section */

/* Begin XCConfigurationList section */
		8886A9EF1D1890F4008985E9 /* Build configuration list for PBXProject "instaG" */ = {
			isa = XCConfigurationList;
			buildConfigurations = (
				8886AA041D1890F4008985E9 /* Debug */,
				8886AA051D1890F4008985E9 /* Release */,
			);
			defaultConfigurationIsVisible = 0;
			defaultConfigurationName = Release;
		};
		8886AA061D1890F4008985E9 /* Build configuration list for PBXNativeTarget "instaG" */ = {
			isa = XCConfigurationList;
			buildConfigurations = (
				8886AA071D1890F4008985E9 /* Debug */,
				8886AA081D1890F4008985E9 /* Release */,
			);
			defaultConfigurationIsVisible = 0;
			defaultConfigurationName = Release;
		};
/* End XCConfigurationList section */
	};
	rootObject = 8886A9EC1D1890F4008985E9 /* Project object */;
}
